{
  "originHash" : "90e777ed5b0907a1af52392e32f74661a3874ff8582593fea55eaa7c7d9580c3",
  "pins" : [
    {
      "identity" : "swift-snapshot-testing",
      "kind" : "remoteSourceControl",
      "location" : "https://github.com/pointfreeco/swift-snapshot-testing",
      "state" : {
        "revision" : "5b0c434778f2c1a4c9b5ebdb8682b28e84dd69bd",
        "version" : "1.15.4"
      }
    },
    {
      "identity" : "swift-syntax",
      "kind" : "remoteSourceControl",
      "location" : "https://github.com/apple/swift-syntax",
      "state" : {
        "revision" : "6ad4ea24b01559dde0773e3d091f1b9e36175036",
        "version" : "509.0.2"
      }
    },
    {
      "identity" : "swiftformat",
      "kind" : "remoteSourceControl",
      "location" : "https://github.com/nicklockwood/SwiftFormat",
      "state" : {
        "revision" : "ab6844edb79a7b88dc6320e6cee0a0db7674dac3",
        "version" : "0.54.5"
      }
    },
    {
      "identity" : "swiftlintplugins",
      "kind" : "remoteSourceControl",
      "location" : "https://github.com/SimplyDanny/SwiftLintPlugins",
      "state" : {
        "revision" : "6c3d6c32a37224179dc290f21e03d1238f3d963b",
        "version" : "0.56.2"
      }
    }
  ],
  "version" : 3
}
