// !$*UTF8*$!
{
	archiveVersion = 1;
	classes = {
	};
	objectVersion = 56;
	objects = {

/* Begin PBXBuildFile section */
		1E0087932B63CFFE0012ECEA /* DemoFetchProfileViewController.swift in Sources */ = {isa = PBXBuildFile; fileRef = 1E0087922B63CFFE0012ECEA /* DemoFetchProfileViewController.swift */; };
		4948C4EC2B61C41100AC4875 /* Gravatar in Frameworks */ = {isa = PBXBuildFile; productRef = 4948C4EB2B61C41100AC4875 /* Gravatar */; };
		4948C4EE2B61C41800AC4875 /* Gravatar in Frameworks */ = {isa = PBXBuildFile; productRef = 4948C4ED2B61C41800AC4875 /* Gravatar */; };
		495775E22B5B34970082812A /* AppDelegate.swift in Sources */ = {isa = PBXBuildFile; fileRef = 495775E12B5B34970082812A /* AppDelegate.swift */; };
		495775E42B5B34970082812A /* SceneDelegate.swift in Sources */ = {isa = PBXBuildFile; fileRef = 495775E32B5B34970082812A /* SceneDelegate.swift */; };
		495775EB2B5B34980082812A /* Assets.xcassets in Resources */ = {isa = PBXBuildFile; fileRef = 495775EA2B5B34980082812A /* Assets.xcassets */; };
		495775EE2B5B34980082812A /* LaunchScreen.storyboard in Resources */ = {isa = PBXBuildFile; fileRef = 495775EC2B5B34980082812A /* LaunchScreen.storyboard */; };
		49C5D60E2B5B33E20067C2A8 /* DemoApp.swift in Sources */ = {isa = PBXBuildFile; fileRef = 49C5D60D2B5B33E20067C2A8 /* DemoApp.swift */; };
		49C5D6102B5B33E20067C2A8 /* ContentView.swift in Sources */ = {isa = PBXBuildFile; fileRef = 49C5D60F2B5B33E20067C2A8 /* ContentView.swift */; };
		49C5D6122B5B33E20067C2A8 /* Assets.xcassets in Resources */ = {isa = PBXBuildFile; fileRef = 49C5D6112B5B33E20067C2A8 /* Assets.xcassets */; };
		49C5D6152B5B33E20067C2A8 /* Preview Assets.xcassets in Resources */ = {isa = PBXBuildFile; fileRef = 49C5D6142B5B33E20067C2A8 /* Preview Assets.xcassets */; };
		91F0B3DD2B62815F0025C4F8 /* MainTableViewController.swift in Sources */ = {isa = PBXBuildFile; fileRef = 91F0B3DB2B62815F0025C4F8 /* MainTableViewController.swift */; };
		91F0B3DE2B62815F0025C4F8 /* DemoAvatarDownloadViewController.swift in Sources */ = {isa = PBXBuildFile; fileRef = 91F0B3DC2B62815F0025C4F8 /* DemoAvatarDownloadViewController.swift */; };
		91F0B3E32B6281A60025C4F8 /* Main.storyboard in Resources */ = {isa = PBXBuildFile; fileRef = 91F0B3E12B6281A60025C4F8 /* Main.storyboard */; };
/* End PBXBuildFile section */

/* Begin PBXFileReference section */
		1E0087922B63CFFE0012ECEA /* DemoFetchProfileViewController.swift */ = {isa = PBXFileReference; lastKnownFileType = sourcecode.swift; path = DemoFetchProfileViewController.swift; sourceTree = "<group>"; };
		4948C4E92B61C3FD00AC4875 /* Gravatar-SDK-iOS */ = {isa = PBXFileReference; lastKnownFileType = wrapper; name = "Gravatar-SDK-iOS"; path = ..; sourceTree = "<group>"; };
		495775DF2B5B34970082812A /* Gravatar-Demo.app */ = {isa = PBXFileReference; explicitFileType = wrapper.application; includeInIndex = 0; path = "Gravatar-Demo.app"; sourceTree = BUILT_PRODUCTS_DIR; };
		495775E12B5B34970082812A /* AppDelegate.swift */ = {isa = PBXFileReference; lastKnownFileType = sourcecode.swift; path = AppDelegate.swift; sourceTree = "<group>"; };
		495775E32B5B34970082812A /* SceneDelegate.swift */ = {isa = PBXFileReference; lastKnownFileType = sourcecode.swift; path = SceneDelegate.swift; sourceTree = "<group>"; };
		495775EA2B5B34980082812A /* Assets.xcassets */ = {isa = PBXFileReference; lastKnownFileType = folder.assetcatalog; path = Assets.xcassets; sourceTree = "<group>"; };
		495775ED2B5B34980082812A /* Base */ = {isa = PBXFileReference; lastKnownFileType = file.storyboard; name = Base; path = Base.lproj/LaunchScreen.storyboard; sourceTree = "<group>"; };
		495775EF2B5B34980082812A /* Info.plist */ = {isa = PBXFileReference; lastKnownFileType = text.plist.xml; path = Info.plist; sourceTree = "<group>"; };
		49C5D60A2B5B33E20067C2A8 /* Gravatar-SwiftUI-Demo.app */ = {isa = PBXFileReference; explicitFileType = wrapper.application; includeInIndex = 0; path = "Gravatar-SwiftUI-Demo.app"; sourceTree = BUILT_PRODUCTS_DIR; };
		49C5D60D2B5B33E20067C2A8 /* DemoApp.swift */ = {isa = PBXFileReference; lastKnownFileType = sourcecode.swift; path = DemoApp.swift; sourceTree = "<group>"; };
		49C5D60F2B5B33E20067C2A8 /* ContentView.swift */ = {isa = PBXFileReference; lastKnownFileType = sourcecode.swift; path = ContentView.swift; sourceTree = "<group>"; };
		49C5D6112B5B33E20067C2A8 /* Assets.xcassets */ = {isa = PBXFileReference; lastKnownFileType = folder.assetcatalog; path = Assets.xcassets; sourceTree = "<group>"; };
		49C5D6142B5B33E20067C2A8 /* Preview Assets.xcassets */ = {isa = PBXFileReference; lastKnownFileType = folder.assetcatalog; path = "Preview Assets.xcassets"; sourceTree = "<group>"; };
		91F0B3DB2B62815F0025C4F8 /* MainTableViewController.swift */ = {isa = PBXFileReference; fileEncoding = 4; lastKnownFileType = sourcecode.swift; path = MainTableViewController.swift; sourceTree = "<group>"; };
		91F0B3DC2B62815F0025C4F8 /* DemoAvatarDownloadViewController.swift */ = {isa = PBXFileReference; fileEncoding = 4; lastKnownFileType = sourcecode.swift; path = DemoAvatarDownloadViewController.swift; sourceTree = "<group>"; };
		91F0B3E22B6281A60025C4F8 /* Base */ = {isa = PBXFileReference; lastKnownFileType = file.storyboard; name = Base; path = Base.lproj/Main.storyboard; sourceTree = "<group>"; };
/* End PBXFileReference section */

/* Begin PBXFrameworksBuildPhase section */
		495775DC2B5B34970082812A /* Frameworks */ = {
			isa = PBXFrameworksBuildPhase;
			buildActionMask = 2147483647;
			files = (
				4948C4EC2B61C41100AC4875 /* Gravatar in Frameworks */,
			);
			runOnlyForDeploymentPostprocessing = 0;
		};
		49C5D6072B5B33E20067C2A8 /* Frameworks */ = {
			isa = PBXFrameworksBuildPhase;
			buildActionMask = 2147483647;
			files = (
				4948C4EE2B61C41800AC4875 /* Gravatar in Frameworks */,
			);
			runOnlyForDeploymentPostprocessing = 0;
		};
/* End PBXFrameworksBuildPhase section */

/* Begin PBXGroup section */
		4948C4EA2B61C41100AC4875 /* Frameworks */ = {
			isa = PBXGroup;
			children = (
			);
			name = Frameworks;
			sourceTree = "<group>";
		};
		495775DA2B5B34220082812A /* Gravatar-SwiftUI-Demo */ = {
			isa = PBXGroup;
			children = (
				49C5D60D2B5B33E20067C2A8 /* DemoApp.swift */,
				49C5D60F2B5B33E20067C2A8 /* ContentView.swift */,
				49C5D6112B5B33E20067C2A8 /* Assets.xcassets */,
				49C5D6132B5B33E20067C2A8 /* Preview Content */,
			);
			path = "Gravatar-SwiftUI-Demo";
			sourceTree = "<group>";
		};
		495775E02B5B34970082812A /* Gravatar-Demo */ = {
			isa = PBXGroup;
			children = (
				495775E12B5B34970082812A /* AppDelegate.swift */,
				91F0B3E12B6281A60025C4F8 /* Main.storyboard */,
				495775E32B5B34970082812A /* SceneDelegate.swift */,
				91F0B3DC2B62815F0025C4F8 /* DemoAvatarDownloadViewController.swift */,
				1E0087922B63CFFE0012ECEA /* DemoFetchProfileViewController.swift */,
				91F0B3DB2B62815F0025C4F8 /* MainTableViewController.swift */,
				495775EA2B5B34980082812A /* Assets.xcassets */,
				495775EC2B5B34980082812A /* LaunchScreen.storyboard */,
				495775EF2B5B34980082812A /* Info.plist */,
			);
			path = "Gravatar-Demo";
			sourceTree = "<group>";
		};
		49C5D6012B5B33E20067C2A8 = {
			isa = PBXGroup;
			children = (
				49C5D60C2B5B33E20067C2A8 /* Demo */,
				4948C4E92B61C3FD00AC4875 /* Gravatar-SDK-iOS */,
				49C5D60B2B5B33E20067C2A8 /* Products */,
				4948C4EA2B61C41100AC4875 /* Frameworks */,
			);
			sourceTree = "<group>";
		};
		49C5D60B2B5B33E20067C2A8 /* Products */ = {
			isa = PBXGroup;
			children = (
				49C5D60A2B5B33E20067C2A8 /* Gravatar-SwiftUI-Demo.app */,
				495775DF2B5B34970082812A /* Gravatar-Demo.app */,
			);
			name = Products;
			sourceTree = "<group>";
		};
		49C5D60C2B5B33E20067C2A8 /* Demo */ = {
			isa = PBXGroup;
			children = (
				495775E02B5B34970082812A /* Gravatar-Demo */,
				495775DA2B5B34220082812A /* Gravatar-SwiftUI-Demo */,
			);
			path = Demo;
			sourceTree = "<group>";
		};
		49C5D6132B5B33E20067C2A8 /* Preview Content */ = {
			isa = PBXGroup;
			children = (
				49C5D6142B5B33E20067C2A8 /* Preview Assets.xcassets */,
			);
			path = "Preview Content";
			sourceTree = "<group>";
		};
/* End PBXGroup section */

/* Begin PBXNativeTarget section */
		495775DE2B5B34970082812A /* Gravatar-Demo */ = {
			isa = PBXNativeTarget;
			buildConfigurationList = 495775F02B5B34980082812A /* Build configuration list for PBXNativeTarget "Gravatar-Demo" */;
			buildPhases = (
				495775DB2B5B34970082812A /* Sources */,
				495775DC2B5B34970082812A /* Frameworks */,
				495775DD2B5B34970082812A /* Resources */,
			);
			buildRules = (
			);
			dependencies = (
			);
			name = "Gravatar-Demo";
			packageProductDependencies = (
				4948C4EB2B61C41100AC4875 /* Gravatar */,
			);
			productName = "Gravatar-Demo";
			productReference = 495775DF2B5B34970082812A /* Gravatar-Demo.app */;
			productType = "com.apple.product-type.application";
		};
		49C5D6092B5B33E20067C2A8 /* Gravatar-SwiftUI-Demo */ = {
			isa = PBXNativeTarget;
			buildConfigurationList = 49C5D6182B5B33E20067C2A8 /* Build configuration list for PBXNativeTarget "Gravatar-SwiftUI-Demo" */;
			buildPhases = (
				49C5D6062B5B33E20067C2A8 /* Sources */,
				49C5D6072B5B33E20067C2A8 /* Frameworks */,
				49C5D6082B5B33E20067C2A8 /* Resources */,
			);
			buildRules = (
			);
			dependencies = (
			);
			name = "Gravatar-SwiftUI-Demo";
			packageProductDependencies = (
				4948C4ED2B61C41800AC4875 /* Gravatar */,
			);
			productName = Demo;
			productReference = 49C5D60A2B5B33E20067C2A8 /* Gravatar-SwiftUI-Demo.app */;
			productType = "com.apple.product-type.application";
		};
/* End PBXNativeTarget section */

/* Begin PBXProject section */
		49C5D6022B5B33E20067C2A8 /* Project object */ = {
			isa = PBXProject;
			attributes = {
				BuildIndependentTargetsInParallel = 1;
				LastSwiftUpdateCheck = 1510;
				LastUpgradeCheck = 1510;
				TargetAttributes = {
					495775DE2B5B34970082812A = {
						CreatedOnToolsVersion = 15.1;
					};
					49C5D6092B5B33E20067C2A8 = {
						CreatedOnToolsVersion = 15.1;
					};
				};
			};
			buildConfigurationList = 49C5D6052B5B33E20067C2A8 /* Build configuration list for PBXProject "Gravatar-Demo" */;
			compatibilityVersion = "Xcode 14.0";
			developmentRegion = en;
			hasScannedForEncodings = 0;
			knownRegions = (
				en,
				Base,
			);
			mainGroup = 49C5D6012B5B33E20067C2A8;
			packageReferences = (
			);
			productRefGroup = 49C5D60B2B5B33E20067C2A8 /* Products */;
			projectDirPath = "";
			projectRoot = "";
			targets = (
				495775DE2B5B34970082812A /* Gravatar-Demo */,
				49C5D6092B5B33E20067C2A8 /* Gravatar-SwiftUI-Demo */,
			);
		};
/* End PBXProject section */

/* Begin PBXResourcesBuildPhase section */
		495775DD2B5B34970082812A /* Resources */ = {
			isa = PBXResourcesBuildPhase;
			buildActionMask = 2147483647;
			files = (
				91F0B3E32B6281A60025C4F8 /* Main.storyboard in Resources */,
				495775EE2B5B34980082812A /* LaunchScreen.storyboard in Resources */,
				495775EB2B5B34980082812A /* Assets.xcassets in Resources */,
			);
			runOnlyForDeploymentPostprocessing = 0;
		};
		49C5D6082B5B33E20067C2A8 /* Resources */ = {
			isa = PBXResourcesBuildPhase;
			buildActionMask = 2147483647;
			files = (
				49C5D6152B5B33E20067C2A8 /* Preview Assets.xcassets in Resources */,
				49C5D6122B5B33E20067C2A8 /* Assets.xcassets in Resources */,
			);
			runOnlyForDeploymentPostprocessing = 0;
		};
/* End PBXResourcesBuildPhase section */

/* Begin PBXSourcesBuildPhase section */
		495775DB2B5B34970082812A /* Sources */ = {
			isa = PBXSourcesBuildPhase;
			buildActionMask = 2147483647;
			files = (
				91F0B3DD2B62815F0025C4F8 /* MainTableViewController.swift in Sources */,
				1E0087932B63CFFE0012ECEA /* DemoFetchProfileViewController.swift in Sources */,
				495775E22B5B34970082812A /* AppDelegate.swift in Sources */,
				91F0B3DE2B62815F0025C4F8 /* DemoAvatarDownloadViewController.swift in Sources */,
				495775E42B5B34970082812A /* SceneDelegate.swift in Sources */,
			);
			runOnlyForDeploymentPostprocessing = 0;
		};
		49C5D6062B5B33E20067C2A8 /* Sources */ = {
			isa = PBXSourcesBuildPhase;
			buildActionMask = 2147483647;
			files = (
				49C5D6102B5B33E20067C2A8 /* ContentView.swift in Sources */,
				49C5D60E2B5B33E20067C2A8 /* DemoApp.swift in Sources */,
			);
			runOnlyForDeploymentPostprocessing = 0;
		};
/* End PBXSourcesBuildPhase section */

/* Begin PBXVariantGroup section */
		495775EC2B5B34980082812A /* LaunchScreen.storyboard */ = {
			isa = PBXVariantGroup;
			children = (
				495775ED2B5B34980082812A /* Base */,
			);
			name = LaunchScreen.storyboard;
			sourceTree = "<group>";
		};
		91F0B3E12B6281A60025C4F8 /* Main.storyboard */ = {
			isa = PBXVariantGroup;
			children = (
				91F0B3E22B6281A60025C4F8 /* Base */,
			);
			name = Main.storyboard;
			sourceTree = "<group>";
		};
/* End PBXVariantGroup section */

/* Begin XCBuildConfiguration section */
		495775F12B5B34980082812A /* Debug */ = {
			isa = XCBuildConfiguration;
			buildSettings = {
				ASSETCATALOG_COMPILER_APPICON_NAME = AppIcon;
				ASSETCATALOG_COMPILER_GLOBAL_ACCENT_COLOR_NAME = AccentColor;
				CODE_SIGN_STYLE = Automatic;
				CURRENT_PROJECT_VERSION = 1;
				GENERATE_INFOPLIST_FILE = YES;
				INFOPLIST_FILE = "Demo/Gravatar-Demo/Info.plist";
				INFOPLIST_KEY_UIApplicationSupportsIndirectInputEvents = YES;
				INFOPLIST_KEY_UILaunchStoryboardName = LaunchScreen;
				INFOPLIST_KEY_UIMainStoryboardFile = Main;
				INFOPLIST_KEY_UISupportedInterfaceOrientations_iPad = "UIInterfaceOrientationPortrait UIInterfaceOrientationPortraitUpsideDown UIInterfaceOrientationLandscapeLeft UIInterfaceOrientationLandscapeRight";
				INFOPLIST_KEY_UISupportedInterfaceOrientations_iPhone = "UIInterfaceOrientationPortrait UIInterfaceOrientationLandscapeLeft UIInterfaceOrientationLandscapeRight";
				LD_RUNPATH_SEARCH_PATHS = (
					"$(inherited)",
					"@executable_path/Frameworks",
				);
				MARKETING_VERSION = 1.0;
				PRODUCT_BUNDLE_IDENTIFIER = "com.gravatar.Gravatar-Demo";
				PRODUCT_NAME = "$(TARGET_NAME)";
				SWIFT_EMIT_LOC_STRINGS = YES;
				SWIFT_VERSION = 5.0;
				TARGETED_DEVICE_FAMILY = "1,2";
			};
			name = Debug;
		};
		495775F22B5B34980082812A /* Release */ = {
			isa = XCBuildConfiguration;
			buildSettings = {
				ASSETCATALOG_COMPILER_APPICON_NAME = AppIcon;
				ASSETCATALOG_COMPILER_GLOBAL_ACCENT_COLOR_NAME = AccentColor;
				CODE_SIGN_STYLE = Automatic;
				CURRENT_PROJECT_VERSION = 1;
				GENERATE_INFOPLIST_FILE = YES;
				INFOPLIST_FILE = "Demo/Gravatar-Demo/Info.plist";
				INFOPLIST_KEY_UIApplicationSupportsIndirectInputEvents = YES;
				INFOPLIST_KEY_UILaunchStoryboardName = LaunchScreen;
				INFOPLIST_KEY_UIMainStoryboardFile = Main;
				INFOPLIST_KEY_UISupportedInterfaceOrientations_iPad = "UIInterfaceOrientationPortrait UIInterfaceOrientationPortraitUpsideDown UIInterfaceOrientationLandscapeLeft UIInterfaceOrientationLandscapeRight";
				INFOPLIST_KEY_UISupportedInterfaceOrientations_iPhone = "UIInterfaceOrientationPortrait UIInterfaceOrientationLandscapeLeft UIInterfaceOrientationLandscapeRight";
				LD_RUNPATH_SEARCH_PATHS = (
					"$(inherited)",
					"@executable_path/Frameworks",
				);
				MARKETING_VERSION = 1.0;
				PRODUCT_BUNDLE_IDENTIFIER = "com.gravatar.Gravatar-Demo";
				PRODUCT_NAME = "$(TARGET_NAME)";
				SWIFT_EMIT_LOC_STRINGS = YES;
				SWIFT_VERSION = 5.0;
				TARGETED_DEVICE_FAMILY = "1,2";
			};
			name = Release;
		};
		49C5D6162B5B33E20067C2A8 /* Debug */ = {
			isa = XCBuildConfiguration;
			buildSettings = {
				ALWAYS_SEARCH_USER_PATHS = NO;
				ASSETCATALOG_COMPILER_GENERATE_SWIFT_ASSET_SYMBOL_EXTENSIONS = YES;
				CLANG_ANALYZER_NONNULL = YES;
				CLANG_ANALYZER_NUMBER_OBJECT_CONVERSION = YES_AGGRESSIVE;
				CLANG_CXX_LANGUAGE_STANDARD = "gnu++20";
				CLANG_ENABLE_MODULES = YES;
				CLANG_ENABLE_OBJC_ARC = YES;
				CLANG_ENABLE_OBJC_WEAK = YES;
				CLANG_WARN_BLOCK_CAPTURE_AUTORELEASING = YES;
				CLANG_WARN_BOOL_CONVERSION = YES;
				CLANG_WARN_COMMA = YES;
				CLANG_WARN_CONSTANT_CONVERSION = YES;
				CLANG_WARN_DEPRECATED_OBJC_IMPLEMENTATIONS = YES;
				CLANG_WARN_DIRECT_OBJC_ISA_USAGE = YES_ERROR;
				CLANG_WARN_DOCUMENTATION_COMMENTS = YES;
				CLANG_WARN_EMPTY_BODY = YES;
				CLANG_WARN_ENUM_CONVERSION = YES;
				CLANG_WARN_INFINITE_RECURSION = YES;
				CLANG_WARN_INT_CONVERSION = YES;
				CLANG_WARN_NON_LITERAL_NULL_CONVERSION = YES;
				CLANG_WARN_OBJC_IMPLICIT_RETAIN_SELF = YES;
				CLANG_WARN_OBJC_LITERAL_CONVERSION = YES;
				CLANG_WARN_OBJC_ROOT_CLASS = YES_ERROR;
				CLANG_WARN_QUOTED_INCLUDE_IN_FRAMEWORK_HEADER = YES;
				CLANG_WARN_RANGE_LOOP_ANALYSIS = YES;
				CLANG_WARN_STRICT_PROTOTYPES = YES;
				CLANG_WARN_SUSPICIOUS_MOVE = YES;
				CLANG_WARN_UNGUARDED_AVAILABILITY = YES_AGGRESSIVE;
				CLANG_WARN_UNREACHABLE_CODE = YES;
				CLANG_WARN__DUPLICATE_METHOD_MATCH = YES;
				COPY_PHASE_STRIP = NO;
				DEBUG_INFORMATION_FORMAT = dwarf;
				ENABLE_STRICT_OBJC_MSGSEND = YES;
				ENABLE_TESTABILITY = YES;
				ENABLE_USER_SCRIPT_SANDBOXING = YES;
				GCC_C_LANGUAGE_STANDARD = gnu17;
				GCC_DYNAMIC_NO_PIC = NO;
				GCC_NO_COMMON_BLOCKS = YES;
				GCC_OPTIMIZATION_LEVEL = 0;
				GCC_PREPROCESSOR_DEFINITIONS = (
					"DEBUG=1",
					"$(inherited)",
				);
				GCC_WARN_64_TO_32_BIT_CONVERSION = YES;
				GCC_WARN_ABOUT_RETURN_TYPE = YES_ERROR;
				GCC_WARN_UNDECLARED_SELECTOR = YES;
				GCC_WARN_UNINITIALIZED_AUTOS = YES_AGGRESSIVE;
				GCC_WARN_UNUSED_FUNCTION = YES;
				GCC_WARN_UNUSED_VARIABLE = YES;
				IPHONEOS_DEPLOYMENT_TARGET = 17.2;
				LOCALIZATION_PREFERS_STRING_CATALOGS = YES;
				MTL_ENABLE_DEBUG_INFO = INCLUDE_SOURCE;
				MTL_FAST_MATH = YES;
				ONLY_ACTIVE_ARCH = YES;
				SDKROOT = iphoneos;
				SWIFT_ACTIVE_COMPILATION_CONDITIONS = "DEBUG $(inherited)";
				SWIFT_OPTIMIZATION_LEVEL = "-Onone";
			};
			name = Debug;
		};
		49C5D6172B5B33E20067C2A8 /* Release */ = {
			isa = XCBuildConfiguration;
			buildSettings = {
				ALWAYS_SEARCH_USER_PATHS = NO;
				ASSETCATALOG_COMPILER_GENERATE_SWIFT_ASSET_SYMBOL_EXTENSIONS = YES;
				CLANG_ANALYZER_NONNULL = YES;
				CLANG_ANALYZER_NUMBER_OBJECT_CONVERSION = YES_AGGRESSIVE;
				CLANG_CXX_LANGUAGE_STANDARD = "gnu++20";
				CLANG_ENABLE_MODULES = YES;
				CLANG_ENABLE_OBJC_ARC = YES;
				CLANG_ENABLE_OBJC_WEAK = YES;
				CLANG_WARN_BLOCK_CAPTURE_AUTORELEASING = YES;
				CLANG_WARN_BOOL_CONVERSION = YES;
				CLANG_WARN_COMMA = YES;
				CLANG_WARN_CONSTANT_CONVERSION = YES;
				CLANG_WARN_DEPRECATED_OBJC_IMPLEMENTATIONS = YES;
				CLANG_WARN_DIRECT_OBJC_ISA_USAGE = YES_ERROR;
				CLANG_WARN_DOCUMENTATION_COMMENTS = YES;
				CLANG_WARN_EMPTY_BODY = YES;
				CLANG_WARN_ENUM_CONVERSION = YES;
				CLANG_WARN_INFINITE_RECURSION = YES;
				CLANG_WARN_INT_CONVERSION = YES;
				CLANG_WARN_NON_LITERAL_NULL_CONVERSION = YES;
				CLANG_WARN_OBJC_IMPLICIT_RETAIN_SELF = YES;
				CLANG_WARN_OBJC_LITERAL_CONVERSION = YES;
				CLANG_WARN_OBJC_ROOT_CLASS = YES_ERROR;
				CLANG_WARN_QUOTED_INCLUDE_IN_FRAMEWORK_HEADER = YES;
				CLANG_WARN_RANGE_LOOP_ANALYSIS = YES;
				CLANG_WARN_STRICT_PROTOTYPES = YES;
				CLANG_WARN_SUSPICIOUS_MOVE = YES;
				CLANG_WARN_UNGUARDED_AVAILABILITY = YES_AGGRESSIVE;
				CLANG_WARN_UNREACHABLE_CODE = YES;
				CLANG_WARN__DUPLICATE_METHOD_MATCH = YES;
				COPY_PHASE_STRIP = NO;
				DEBUG_INFORMATION_FORMAT = "dwarf-with-dsym";
				ENABLE_NS_ASSERTIONS = NO;
				ENABLE_STRICT_OBJC_MSGSEND = YES;
				ENABLE_USER_SCRIPT_SANDBOXING = YES;
				GCC_C_LANGUAGE_STANDARD = gnu17;
				GCC_NO_COMMON_BLOCKS = YES;
				GCC_WARN_64_TO_32_BIT_CONVERSION = YES;
				GCC_WARN_ABOUT_RETURN_TYPE = YES_ERROR;
				GCC_WARN_UNDECLARED_SELECTOR = YES;
				GCC_WARN_UNINITIALIZED_AUTOS = YES_AGGRESSIVE;
				GCC_WARN_UNUSED_FUNCTION = YES;
				GCC_WARN_UNUSED_VARIABLE = YES;
				IPHONEOS_DEPLOYMENT_TARGET = 17.2;
				LOCALIZATION_PREFERS_STRING_CATALOGS = YES;
				MTL_ENABLE_DEBUG_INFO = NO;
				MTL_FAST_MATH = YES;
				SDKROOT = iphoneos;
				SWIFT_COMPILATION_MODE = wholemodule;
				VALIDATE_PRODUCT = YES;
			};
			name = Release;
		};
		49C5D6192B5B33E20067C2A8 /* Debug */ = {
			isa = XCBuildConfiguration;
			buildSettings = {
				ASSETCATALOG_COMPILER_APPICON_NAME = AppIcon;
				ASSETCATALOG_COMPILER_GLOBAL_ACCENT_COLOR_NAME = AccentColor;
				CODE_SIGN_STYLE = Automatic;
				CURRENT_PROJECT_VERSION = 1;
				DEVELOPMENT_ASSET_PATHS = "\"Demo/Gravatar-SwiftUI-Demo/Preview Content\"";
				ENABLE_PREVIEWS = YES;
				GENERATE_INFOPLIST_FILE = YES;
				INFOPLIST_KEY_UIApplicationSceneManifest_Generation = YES;
				INFOPLIST_KEY_UIApplicationSupportsIndirectInputEvents = YES;
				INFOPLIST_KEY_UILaunchScreen_Generation = YES;
				INFOPLIST_KEY_UISupportedInterfaceOrientations_iPad = "UIInterfaceOrientationPortrait UIInterfaceOrientationPortraitUpsideDown UIInterfaceOrientationLandscapeLeft UIInterfaceOrientationLandscapeRight";
				INFOPLIST_KEY_UISupportedInterfaceOrientations_iPhone = "UIInterfaceOrientationPortrait UIInterfaceOrientationLandscapeLeft UIInterfaceOrientationLandscapeRight";
				LD_RUNPATH_SEARCH_PATHS = (
					"$(inherited)",
					"@executable_path/Frameworks",
				);
				MARKETING_VERSION = 1.0;
				PRODUCT_BUNDLE_IDENTIFIER = com.gravatar.Demo;
				PRODUCT_NAME = "$(TARGET_NAME)";
				SWIFT_EMIT_LOC_STRINGS = YES;
				SWIFT_VERSION = 5.0;
				TARGETED_DEVICE_FAMILY = "1,2";
			};
			name = Debug;
		};
		49C5D61A2B5B33E20067C2A8 /* Release */ = {
			isa = XCBuildConfiguration;
			buildSettings = {
				ASSETCATALOG_COMPILER_APPICON_NAME = AppIcon;
				ASSETCATALOG_COMPILER_GLOBAL_ACCENT_COLOR_NAME = AccentColor;
				CODE_SIGN_STYLE = Automatic;
				CURRENT_PROJECT_VERSION = 1;
				DEVELOPMENT_ASSET_PATHS = "\"Demo/Gravatar-SwiftUI-Demo/Preview Content\"";
				ENABLE_PREVIEWS = YES;
				GENERATE_INFOPLIST_FILE = YES;
				INFOPLIST_KEY_UIApplicationSceneManifest_Generation = YES;
				INFOPLIST_KEY_UIApplicationSupportsIndirectInputEvents = YES;
				INFOPLIST_KEY_UILaunchScreen_Generation = YES;
				INFOPLIST_KEY_UISupportedInterfaceOrientations_iPad = "UIInterfaceOrientationPortrait UIInterfaceOrientationPortraitUpsideDown UIInterfaceOrientationLandscapeLeft UIInterfaceOrientationLandscapeRight";
				INFOPLIST_KEY_UISupportedInterfaceOrientations_iPhone = "UIInterfaceOrientationPortrait UIInterfaceOrientationLandscapeLeft UIInterfaceOrientationLandscapeRight";
				LD_RUNPATH_SEARCH_PATHS = (
					"$(inherited)",
					"@executable_path/Frameworks",
				);
				MARKETING_VERSION = 1.0;
				PRODUCT_BUNDLE_IDENTIFIER = com.gravatar.Demo;
				PRODUCT_NAME = "$(TARGET_NAME)";
				SWIFT_EMIT_LOC_STRINGS = YES;
				SWIFT_VERSION = 5.0;
				TARGETED_DEVICE_FAMILY = "1,2";
			};
			name = Release;
		};
/* End XCBuildConfiguration section */

/* Begin XCConfigurationList section */
		495775F02B5B34980082812A /* Build configuration list for PBXNativeTarget "Gravatar-Demo" */ = {
			isa = XCConfigurationList;
			buildConfigurations = (
				495775F12B5B34980082812A /* Debug */,
				495775F22B5B34980082812A /* Release */,
			);
			defaultConfigurationIsVisible = 0;
			defaultConfigurationName = Release;
		};
		49C5D6052B5B33E20067C2A8 /* Build configuration list for PBXProject "Gravatar-Demo" */ = {
			isa = XCConfigurationList;
			buildConfigurations = (
				49C5D6162B5B33E20067C2A8 /* Debug */,
				49C5D6172B5B33E20067C2A8 /* Release */,
			);
			defaultConfigurationIsVisible = 0;
			defaultConfigurationName = Release;
		};
		49C5D6182B5B33E20067C2A8 /* Build configuration list for PBXNativeTarget "Gravatar-SwiftUI-Demo" */ = {
			isa = XCConfigurationList;
			buildConfigurations = (
				49C5D6192B5B33E20067C2A8 /* Debug */,
				49C5D61A2B5B33E20067C2A8 /* Release */,
			);
			defaultConfigurationIsVisible = 0;
			defaultConfigurationName = Release;
		};
/* End XCConfigurationList section */

/* Begin XCSwiftPackageProductDependency section */
		4948C4EB2B61C41100AC4875 /* Gravatar */ = {
			isa = XCSwiftPackageProductDependency;
			productName = Gravatar;
		};
		4948C4ED2B61C41800AC4875 /* Gravatar */ = {
			isa = XCSwiftPackageProductDependency;
			productName = Gravatar;
		};
/* End XCSwiftPackageProductDependency section */
	};
	rootObject = 49C5D6022B5B33E20067C2A8 /* Project object */;
}
