// !$*UTF8*$!
{
	archiveVersion = 1;
	classes = {
	};
	objectVersion = 56;
	objects = {

/* Begin PBXBuildFile section */
		1E0087932B63CFFE0012ECEA /* DemoFetchProfileViewController.swift in Sources */ = {isa = PBXBuildFile; fileRef = 1E0087922B63CFFE0012ECEA /* DemoFetchProfileViewController.swift */; };
		1E0087952B63DBCB0012ECEA /* DemoUploadImageViewController.swift in Sources */ = {isa = PBXBuildFile; fileRef = 1E0087942B63DBCB0012ECEA /* DemoUploadImageViewController.swift */; };
		1ECAB5072BC984440043A331 /* DemoProfileConfigurationViewController.swift in Sources */ = {isa = PBXBuildFile; fileRef = 1ECAB5062BC984440043A331 /* DemoProfileConfigurationViewController.swift */; };
		1ED769E72C048D9C00680D78 /* Secrets.swift in Sources */ = {isa = PBXBuildFile; fileRef = 1ED769E62C048D9C00680D78 /* Secrets.swift */; };
		4948C4EC2B61C41100AC4875 /* Gravatar in Frameworks */ = {isa = PBXBuildFile; productRef = 4948C4EB2B61C41100AC4875 /* Gravatar */; };
		4948C4EE2B61C41800AC4875 /* Gravatar in Frameworks */ = {isa = PBXBuildFile; productRef = 4948C4ED2B61C41800AC4875 /* Gravatar */; };
		495775E22B5B34970082812A /* AppDelegate.swift in Sources */ = {isa = PBXBuildFile; fileRef = 495775E12B5B34970082812A /* AppDelegate.swift */; };
		495775E42B5B34970082812A /* SceneDelegate.swift in Sources */ = {isa = PBXBuildFile; fileRef = 495775E32B5B34970082812A /* SceneDelegate.swift */; };
		495775EE2B5B34980082812A /* LaunchScreen.storyboard in Resources */ = {isa = PBXBuildFile; fileRef = 495775EC2B5B34980082812A /* LaunchScreen.storyboard */; };
		497783312BAC8A99008C29F7 /* GravatarUI in Frameworks */ = {isa = PBXBuildFile; productRef = 497783302BAC8A99008C29F7 /* GravatarUI */; };
		497783332BAC8AA9008C29F7 /* GravatarUI in Frameworks */ = {isa = PBXBuildFile; productRef = 497783322BAC8AA9008C29F7 /* GravatarUI */; };
		498060D02C6FF25600C6848C /* Localizable.strings in Resources */ = {isa = PBXBuildFile; fileRef = 498060CE2C6FF25600C6848C /* Localizable.strings */; };
		498060D12C6FF25600C6848C /* Localizable.strings in Resources */ = {isa = PBXBuildFile; fileRef = 498060CE2C6FF25600C6848C /* Localizable.strings */; };
		49C5D60E2B5B33E20067C2A8 /* DemoApp.swift in Sources */ = {isa = PBXBuildFile; fileRef = 49C5D60D2B5B33E20067C2A8 /* DemoApp.swift */; };
		49C5D6102B5B33E20067C2A8 /* ContentView.swift in Sources */ = {isa = PBXBuildFile; fileRef = 49C5D60F2B5B33E20067C2A8 /* ContentView.swift */; };
		49C5D6122B5B33E20067C2A8 /* Assets.xcassets in Resources */ = {isa = PBXBuildFile; fileRef = 49C5D6112B5B33E20067C2A8 /* Assets.xcassets */; };
		49C5D6152B5B33E20067C2A8 /* Preview Assets.xcassets in Resources */ = {isa = PBXBuildFile; fileRef = 49C5D6142B5B33E20067C2A8 /* Preview Assets.xcassets */; };
		49EFFB542C51A47C0086589A /* Assets.xcassets in Resources */ = {isa = PBXBuildFile; fileRef = 495775EA2B5B34980082812A /* Assets.xcassets */; };
		9146A7AE2C3BD8F000E07C63 /* DemoAvatarView.swift in Sources */ = {isa = PBXBuildFile; fileRef = 9146A7AD2C3BD8F000E07C63 /* DemoAvatarView.swift */; };
		914AC0192BD7FF08005DA4A5 /* DemoBaseProfileViewController.swift in Sources */ = {isa = PBXBuildFile; fileRef = 914AC0172BD7FF08005DA4A5 /* DemoBaseProfileViewController.swift */; };
		914AC01A2BD7FF08005DA4A5 /* DemoProfilePresentationStylesViewController.swift in Sources */ = {isa = PBXBuildFile; fileRef = 914AC0182BD7FF08005DA4A5 /* DemoProfilePresentationStylesViewController.swift */; };
		914AC0202BDAAC3C005DA4A5 /* DemoRemoteSVGViewController.swift in Sources */ = {isa = PBXBuildFile; fileRef = 914AC01F2BDAAC3C005DA4A5 /* DemoRemoteSVGViewController.swift */; };
		91956A522B6793AF00BF3CF0 /* SwitchWithLabel.swift in Sources */ = {isa = PBXBuildFile; fileRef = 91956A512B6793AF00BF3CF0 /* SwitchWithLabel.swift */; };
		91956A542B67943A00BF3CF0 /* DemoUIImageViewExtensionViewController.swift in Sources */ = {isa = PBXBuildFile; fileRef = 91956A532B67943A00BF3CF0 /* DemoUIImageViewExtensionViewController.swift */; };
		91B73B372C404F6E00E7D325 /* DemoAvatarPickerView.swift in Sources */ = {isa = PBXBuildFile; fileRef = 91B73B362C404F6E00E7D325 /* DemoAvatarPickerView.swift */; };
		91E2FB042BC0276E00265E8E /* DemoProfileViewsViewController.swift in Sources */ = {isa = PBXBuildFile; fileRef = 91E2FB032BC0276E00265E8E /* DemoProfileViewsViewController.swift */; };
		91F0B3DD2B62815F0025C4F8 /* MainTableViewController.swift in Sources */ = {isa = PBXBuildFile; fileRef = 91F0B3DB2B62815F0025C4F8 /* MainTableViewController.swift */; };
		91F0B3DE2B62815F0025C4F8 /* DemoAvatarDownloadViewController.swift in Sources */ = {isa = PBXBuildFile; fileRef = 91F0B3DC2B62815F0025C4F8 /* DemoAvatarDownloadViewController.swift */; };
		91F0B3E32B6281A60025C4F8 /* Main.storyboard in Resources */ = {isa = PBXBuildFile; fileRef = 91F0B3E12B6281A60025C4F8 /* Main.storyboard */; };
/* End PBXBuildFile section */

/* Begin PBXFileReference section */
		1E0087922B63CFFE0012ECEA /* DemoFetchProfileViewController.swift */ = {isa = PBXFileReference; lastKnownFileType = sourcecode.swift; path = DemoFetchProfileViewController.swift; sourceTree = "<group>"; };
		1E0087942B63DBCB0012ECEA /* DemoUploadImageViewController.swift */ = {isa = PBXFileReference; lastKnownFileType = sourcecode.swift; path = DemoUploadImageViewController.swift; sourceTree = "<group>"; };
		1ECAB5062BC984440043A331 /* DemoProfileConfigurationViewController.swift */ = {isa = PBXFileReference; lastKnownFileType = sourcecode.swift; path = DemoProfileConfigurationViewController.swift; sourceTree = "<group>"; };
		1ED769E62C048D9C00680D78 /* Secrets.swift */ = {isa = PBXFileReference; lastKnownFileType = sourcecode.swift; path = Secrets.swift; sourceTree = "<group>"; };
		3FD4781E2C50D6FD0071B8B9 /* Base.xcconfig */ = {isa = PBXFileReference; lastKnownFileType = text.xcconfig; path = Base.xcconfig; sourceTree = "<group>"; };
		3FD478212C51D5CE0071B8B9 /* Gravatar-UIKit-Demo.Release.xcconfig */ = {isa = PBXFileReference; lastKnownFileType = text.xcconfig; path = "Gravatar-UIKit-Demo.Release.xcconfig"; sourceTree = "<group>"; };
		3FD478222C51D7E20071B8B9 /* Gravatar-SwiftUI-Demo.Release.xcconfig */ = {isa = PBXFileReference; lastKnownFileType = text.xcconfig; path = "Gravatar-SwiftUI-Demo.Release.xcconfig"; sourceTree = "<group>"; };
		3FD478232C51D9280071B8B9 /* Enterprise.xcconfig */ = {isa = PBXFileReference; lastKnownFileType = text.xcconfig; path = Enterprise.xcconfig; sourceTree = "<group>"; };
		4948C4E92B61C3FD00AC4875 /* Gravatar-SDK-iOS */ = {isa = PBXFileReference; lastKnownFileType = wrapper; name = "Gravatar-SDK-iOS"; path = ..; sourceTree = "<group>"; };
		495775DF2B5B34970082812A /* Gravatar UIKit.app */ = {isa = PBXFileReference; explicitFileType = wrapper.application; includeInIndex = 0; path = "Gravatar UIKit.app"; sourceTree = BUILT_PRODUCTS_DIR; };
		495775E12B5B34970082812A /* AppDelegate.swift */ = {isa = PBXFileReference; lastKnownFileType = sourcecode.swift; path = AppDelegate.swift; sourceTree = "<group>"; };
		495775E32B5B34970082812A /* SceneDelegate.swift */ = {isa = PBXFileReference; lastKnownFileType = sourcecode.swift; path = SceneDelegate.swift; sourceTree = "<group>"; };
		495775EA2B5B34980082812A /* Assets.xcassets */ = {isa = PBXFileReference; lastKnownFileType = folder.assetcatalog; path = Assets.xcassets; sourceTree = "<group>"; };
		495775ED2B5B34980082812A /* Base */ = {isa = PBXFileReference; lastKnownFileType = file.storyboard; name = Base; path = Base.lproj/LaunchScreen.storyboard; sourceTree = "<group>"; };
		495775EF2B5B34980082812A /* Info.plist */ = {isa = PBXFileReference; lastKnownFileType = text.plist.xml; path = Info.plist; sourceTree = "<group>"; };
		498060CD2C6FF25600C6848C /* en */ = {isa = PBXFileReference; lastKnownFileType = text.plist.strings; name = en; path = Localizable.strings; sourceTree = "<group>"; };
		49C5D60A2B5B33E20067C2A8 /* Gravatar SwiftUI.app */ = {isa = PBXFileReference; explicitFileType = wrapper.application; includeInIndex = 0; path = "Gravatar SwiftUI.app"; sourceTree = BUILT_PRODUCTS_DIR; };
		49C5D60D2B5B33E20067C2A8 /* DemoApp.swift */ = {isa = PBXFileReference; lastKnownFileType = sourcecode.swift; path = DemoApp.swift; sourceTree = "<group>"; };
		49C5D60F2B5B33E20067C2A8 /* ContentView.swift */ = {isa = PBXFileReference; lastKnownFileType = sourcecode.swift; path = ContentView.swift; sourceTree = "<group>"; };
		49C5D6112B5B33E20067C2A8 /* Assets.xcassets */ = {isa = PBXFileReference; lastKnownFileType = folder.assetcatalog; path = Assets.xcassets; sourceTree = "<group>"; };
		49C5D6142B5B33E20067C2A8 /* Preview Assets.xcassets */ = {isa = PBXFileReference; lastKnownFileType = folder.assetcatalog; path = "Preview Assets.xcassets"; sourceTree = "<group>"; };
		49EFFB552C51AA280086589A /* Gravatar-UIKit-Demo.Base.xcconfig */ = {isa = PBXFileReference; fileEncoding = 4; lastKnownFileType = text.xcconfig; path = "Gravatar-UIKit-Demo.Base.xcconfig"; sourceTree = "<group>"; };
		49EFFB572C51AA3E0086589A /* Gravatar-SwiftUI-Demo.Base.xcconfig */ = {isa = PBXFileReference; fileEncoding = 4; lastKnownFileType = text.xcconfig; path = "Gravatar-SwiftUI-Demo.Base.xcconfig"; sourceTree = "<group>"; };
		9146A7AD2C3BD8F000E07C63 /* DemoAvatarView.swift */ = {isa = PBXFileReference; lastKnownFileType = sourcecode.swift; path = DemoAvatarView.swift; sourceTree = "<group>"; };
		914AC0172BD7FF08005DA4A5 /* DemoBaseProfileViewController.swift */ = {isa = PBXFileReference; fileEncoding = 4; lastKnownFileType = sourcecode.swift; path = DemoBaseProfileViewController.swift; sourceTree = "<group>"; };
		914AC0182BD7FF08005DA4A5 /* DemoProfilePresentationStylesViewController.swift */ = {isa = PBXFileReference; fileEncoding = 4; lastKnownFileType = sourcecode.swift; path = DemoProfilePresentationStylesViewController.swift; sourceTree = "<group>"; };
		914AC01F2BDAAC3C005DA4A5 /* DemoRemoteSVGViewController.swift */ = {isa = PBXFileReference; fileEncoding = 4; lastKnownFileType = sourcecode.swift; path = DemoRemoteSVGViewController.swift; sourceTree = "<group>"; };
		91956A512B6793AF00BF3CF0 /* SwitchWithLabel.swift */ = {isa = PBXFileReference; lastKnownFileType = sourcecode.swift; path = SwitchWithLabel.swift; sourceTree = "<group>"; };
		91956A532B67943A00BF3CF0 /* DemoUIImageViewExtensionViewController.swift */ = {isa = PBXFileReference; fileEncoding = 4; lastKnownFileType = sourcecode.swift; path = DemoUIImageViewExtensionViewController.swift; sourceTree = "<group>"; };
		91B73B362C404F6E00E7D325 /* DemoAvatarPickerView.swift */ = {isa = PBXFileReference; fileEncoding = 4; lastKnownFileType = sourcecode.swift; path = DemoAvatarPickerView.swift; sourceTree = "<group>"; };
		91E2FB032BC0276E00265E8E /* DemoProfileViewsViewController.swift */ = {isa = PBXFileReference; fileEncoding = 4; lastKnownFileType = sourcecode.swift; path = DemoProfileViewsViewController.swift; sourceTree = "<group>"; };
		91F0B3DB2B62815F0025C4F8 /* MainTableViewController.swift */ = {isa = PBXFileReference; fileEncoding = 4; lastKnownFileType = sourcecode.swift; path = MainTableViewController.swift; sourceTree = "<group>"; };
		91F0B3DC2B62815F0025C4F8 /* DemoAvatarDownloadViewController.swift */ = {isa = PBXFileReference; fileEncoding = 4; lastKnownFileType = sourcecode.swift; path = DemoAvatarDownloadViewController.swift; sourceTree = "<group>"; };
		91F0B3E22B6281A60025C4F8 /* Base */ = {isa = PBXFileReference; lastKnownFileType = file.storyboard; name = Base; path = Base.lproj/Main.storyboard; sourceTree = "<group>"; };
/* End PBXFileReference section */

/* Begin PBXFrameworksBuildPhase section */
		495775DC2B5B34970082812A /* Frameworks */ = {
			isa = PBXFrameworksBuildPhase;
			buildActionMask = 2147483647;
			files = (
				497783312BAC8A99008C29F7 /* GravatarUI in Frameworks */,
				4948C4EC2B61C41100AC4875 /* Gravatar in Frameworks */,
			);
			runOnlyForDeploymentPostprocessing = 0;
		};
		49C5D6072B5B33E20067C2A8 /* Frameworks */ = {
			isa = PBXFrameworksBuildPhase;
			buildActionMask = 2147483647;
			files = (
				497783332BAC8AA9008C29F7 /* GravatarUI in Frameworks */,
				4948C4EE2B61C41800AC4875 /* Gravatar in Frameworks */,
			);
			runOnlyForDeploymentPostprocessing = 0;
		};
/* End PBXFrameworksBuildPhase section */

/* Begin PBXGroup section */
		4948C4EA2B61C41100AC4875 /* Frameworks */ = {
			isa = PBXGroup;
			children = (
			);
			name = Frameworks;
			sourceTree = "<group>";
		};
		495775DA2B5B34220082812A /* Gravatar-SwiftUI-Demo */ = {
			isa = PBXGroup;
			children = (
				49C5D60D2B5B33E20067C2A8 /* DemoApp.swift */,
				49C5D60F2B5B33E20067C2A8 /* ContentView.swift */,
				9146A7AD2C3BD8F000E07C63 /* DemoAvatarView.swift */,
				91B73B362C404F6E00E7D325 /* DemoAvatarPickerView.swift */,
				49C5D6112B5B33E20067C2A8 /* Assets.xcassets */,
				49C5D6132B5B33E20067C2A8 /* Preview Content */,
				49EFFB572C51AA3E0086589A /* Gravatar-SwiftUI-Demo.Base.xcconfig */,
				3FD478222C51D7E20071B8B9 /* Gravatar-SwiftUI-Demo.Release.xcconfig */,
			);
			path = "Gravatar-SwiftUI-Demo";
			sourceTree = "<group>";
		};
		495775E02B5B34970082812A /* Gravatar-UIKit-Demo */ = {
			isa = PBXGroup;
			children = (
				91956A502B67939F00BF3CF0 /* Common */,
				495775E12B5B34970082812A /* AppDelegate.swift */,
				1ED769E62C048D9C00680D78 /* Secrets.swift */,
				91F0B3E12B6281A60025C4F8 /* Main.storyboard */,
				495775E32B5B34970082812A /* SceneDelegate.swift */,
				914AC0172BD7FF08005DA4A5 /* DemoBaseProfileViewController.swift */,
				914AC0182BD7FF08005DA4A5 /* DemoProfilePresentationStylesViewController.swift */,
				91F0B3DC2B62815F0025C4F8 /* DemoAvatarDownloadViewController.swift */,
				1E0087922B63CFFE0012ECEA /* DemoFetchProfileViewController.swift */,
				91E2FB032BC0276E00265E8E /* DemoProfileViewsViewController.swift */,
				1ECAB5062BC984440043A331 /* DemoProfileConfigurationViewController.swift */,
				1E0087942B63DBCB0012ECEA /* DemoUploadImageViewController.swift */,
				91956A532B67943A00BF3CF0 /* DemoUIImageViewExtensionViewController.swift */,
				914AC01F2BDAAC3C005DA4A5 /* DemoRemoteSVGViewController.swift */,
				91F0B3DB2B62815F0025C4F8 /* MainTableViewController.swift */,
				495775EA2B5B34980082812A /* Assets.xcassets */,
				495775EC2B5B34980082812A /* LaunchScreen.storyboard */,
				495775EF2B5B34980082812A /* Info.plist */,
				49EFFB552C51AA280086589A /* Gravatar-UIKit-Demo.Base.xcconfig */,
				3FD478212C51D5CE0071B8B9 /* Gravatar-UIKit-Demo.Release.xcconfig */,
			);
			path = "Gravatar-UIKit-Demo";
			sourceTree = "<group>";
		};
		498060C82C6FF20B00C6848C /* Localizations */ = {
			isa = PBXGroup;
			children = (
				498060CF2C6FF25600C6848C /* en.lproj */,
			);
			path = Localizations;
			sourceTree = "<group>";
		};
		498060CF2C6FF25600C6848C /* en.lproj */ = {
			isa = PBXGroup;
			children = (
				498060CE2C6FF25600C6848C /* Localizable.strings */,
			);
			path = en.lproj;
			sourceTree = "<group>";
		};
		49C5D6012B5B33E20067C2A8 = {
			isa = PBXGroup;
			children = (
				49C5D60C2B5B33E20067C2A8 /* Demo */,
				4948C4E92B61C3FD00AC4875 /* Gravatar-SDK-iOS */,
				49C5D60B2B5B33E20067C2A8 /* Products */,
				4948C4EA2B61C41100AC4875 /* Frameworks */,
			);
			sourceTree = "<group>";
		};
		49C5D60B2B5B33E20067C2A8 /* Products */ = {
			isa = PBXGroup;
			children = (
				49C5D60A2B5B33E20067C2A8 /* Gravatar SwiftUI.app */,
				495775DF2B5B34970082812A /* Gravatar UIKit.app */,
			);
			name = Products;
			sourceTree = "<group>";
		};
		49C5D60C2B5B33E20067C2A8 /* Demo */ = {
			isa = PBXGroup;
			children = (
				3FD4781E2C50D6FD0071B8B9 /* Base.xcconfig */,
				3FD478232C51D9280071B8B9 /* Enterprise.xcconfig */,
				495775E02B5B34970082812A /* Gravatar-UIKit-Demo */,
				495775DA2B5B34220082812A /* Gravatar-SwiftUI-Demo */,
				498060C82C6FF20B00C6848C /* Localizations */,
			);
			path = Demo;
			sourceTree = "<group>";
		};
		49C5D6132B5B33E20067C2A8 /* Preview Content */ = {
			isa = PBXGroup;
			children = (
				49C5D6142B5B33E20067C2A8 /* Preview Assets.xcassets */,
			);
			path = "Preview Content";
			sourceTree = "<group>";
		};
		91956A502B67939F00BF3CF0 /* Common */ = {
			isa = PBXGroup;
			children = (
				91956A512B6793AF00BF3CF0 /* SwitchWithLabel.swift */,
			);
			path = Common;
			sourceTree = "<group>";
		};
/* End PBXGroup section */

/* Begin PBXNativeTarget section */
		495775DE2B5B34970082812A /* Gravatar UIKit */ = {
			isa = PBXNativeTarget;
			buildConfigurationList = 495775F02B5B34980082812A /* Build configuration list for PBXNativeTarget "Gravatar UIKit" */;
			buildPhases = (
				49920BD82C3D93E6009E8DCF /* Generate Secrets.swift */,
				495775DB2B5B34970082812A /* Sources */,
				495775DC2B5B34970082812A /* Frameworks */,
				495775DD2B5B34970082812A /* Resources */,
			);
			buildRules = (
			);
			dependencies = (
			);
			name = "Gravatar UIKit";
			packageProductDependencies = (
				4948C4EB2B61C41100AC4875 /* Gravatar */,
				497783302BAC8A99008C29F7 /* GravatarUI */,
			);
			productName = "Gravatar-Demo";
			productReference = 495775DF2B5B34970082812A /* Gravatar UIKit.app */;
			productType = "com.apple.product-type.application";
		};
		49C5D6092B5B33E20067C2A8 /* Gravatar SwiftUI */ = {
			isa = PBXNativeTarget;
			buildConfigurationList = 49C5D6182B5B33E20067C2A8 /* Build configuration list for PBXNativeTarget "Gravatar SwiftUI" */;
			buildPhases = (
				49C5D6062B5B33E20067C2A8 /* Sources */,
				49C5D6072B5B33E20067C2A8 /* Frameworks */,
				49C5D6082B5B33E20067C2A8 /* Resources */,
			);
			buildRules = (
			);
			dependencies = (
			);
			name = "Gravatar SwiftUI";
			packageProductDependencies = (
				4948C4ED2B61C41800AC4875 /* Gravatar */,
				497783322BAC8AA9008C29F7 /* GravatarUI */,
			);
			productName = Demo;
			productReference = 49C5D60A2B5B33E20067C2A8 /* Gravatar SwiftUI.app */;
			productType = "com.apple.product-type.application";
		};
/* End PBXNativeTarget section */

/* Begin PBXProject section */
		49C5D6022B5B33E20067C2A8 /* Project object */ = {
			isa = PBXProject;
			attributes = {
				BuildIndependentTargetsInParallel = 1;
				LastSwiftUpdateCheck = 1510;
				LastUpgradeCheck = 1510;
				TargetAttributes = {
					495775DE2B5B34970082812A = {
						CreatedOnToolsVersion = 15.1;
					};
					49C5D6092B5B33E20067C2A8 = {
						CreatedOnToolsVersion = 15.1;
					};
				};
			};
			buildConfigurationList = 49C5D6052B5B33E20067C2A8 /* Build configuration list for PBXProject "Gravatar-Demo" */;
			compatibilityVersion = "Xcode 14.0";
			developmentRegion = en;
			hasScannedForEncodings = 0;
			knownRegions = (
				en,
				Base,
			);
			mainGroup = 49C5D6012B5B33E20067C2A8;
			packageReferences = (
			);
			productRefGroup = 49C5D60B2B5B33E20067C2A8 /* Products */;
			projectDirPath = "";
			projectRoot = "";
			targets = (
				495775DE2B5B34970082812A /* Gravatar UIKit */,
				49C5D6092B5B33E20067C2A8 /* Gravatar SwiftUI */,
			);
		};
/* End PBXProject section */

/* Begin PBXResourcesBuildPhase section */
		495775DD2B5B34970082812A /* Resources */ = {
			isa = PBXResourcesBuildPhase;
			buildActionMask = 2147483647;
			files = (
				498060D02C6FF25600C6848C /* Localizable.strings in Resources */,
				49EFFB542C51A47C0086589A /* Assets.xcassets in Resources */,
				91F0B3E32B6281A60025C4F8 /* Main.storyboard in Resources */,
				495775EE2B5B34980082812A /* LaunchScreen.storyboard in Resources */,
			);
			runOnlyForDeploymentPostprocessing = 0;
		};
		49C5D6082B5B33E20067C2A8 /* Resources */ = {
			isa = PBXResourcesBuildPhase;
			buildActionMask = 2147483647;
			files = (
				49C5D6152B5B33E20067C2A8 /* Preview Assets.xcassets in Resources */,
				498060D12C6FF25600C6848C /* Localizable.strings in Resources */,
				49C5D6122B5B33E20067C2A8 /* Assets.xcassets in Resources */,
			);
			runOnlyForDeploymentPostprocessing = 0;
		};
/* End PBXResourcesBuildPhase section */

/* Begin PBXShellScriptBuildPhase section */
		49920BD82C3D93E6009E8DCF /* Generate Secrets.swift */ = {
			isa = PBXShellScriptBuildPhase;
			buildActionMask = 2147483647;
			files = (
			);
			inputFileListPaths = (
			);
			inputPaths = (
			);
			name = "Generate Secrets.swift";
			outputFileListPaths = (
			);
			outputPaths = (
				"$(SRCROOT)/Demo/Gravatar-Demo/Secrets.swift",
			);
			runOnlyForDeploymentPostprocessing = 0;
			shellPath = /bin/sh;
			shellScript = "SECRETS_PATH=\"${SRCROOT}/Demo/Gravatar-Demo/Secrets.swift\"\n\nif [ ! -f \"${SECRETS_PATH}\" ]; then\n    echo \"let apiKey: String? = nil\" > \"${SECRETS_PATH}\"\nfi\n";
		};
/* End PBXShellScriptBuildPhase section */

/* Begin PBXSourcesBuildPhase section */
		495775DB2B5B34970082812A /* Sources */ = {
			isa = PBXSourcesBuildPhase;
			buildActionMask = 2147483647;
			files = (
				91F0B3DD2B62815F0025C4F8 /* MainTableViewController.swift in Sources */,
				914AC0192BD7FF08005DA4A5 /* DemoBaseProfileViewController.swift in Sources */,
				1E0087932B63CFFE0012ECEA /* DemoFetchProfileViewController.swift in Sources */,
				1E0087952B63DBCB0012ECEA /* DemoUploadImageViewController.swift in Sources */,
				495775E22B5B34970082812A /* AppDelegate.swift in Sources */,
				91956A522B6793AF00BF3CF0 /* SwitchWithLabel.swift in Sources */,
				914AC01A2BD7FF08005DA4A5 /* DemoProfilePresentationStylesViewController.swift in Sources */,
				91F0B3DE2B62815F0025C4F8 /* DemoAvatarDownloadViewController.swift in Sources */,
				91956A542B67943A00BF3CF0 /* DemoUIImageViewExtensionViewController.swift in Sources */,
				1ED769E72C048D9C00680D78 /* Secrets.swift in Sources */,
				914AC0202BDAAC3C005DA4A5 /* DemoRemoteSVGViewController.swift in Sources */,
				495775E42B5B34970082812A /* SceneDelegate.swift in Sources */,
				1ECAB5072BC984440043A331 /* DemoProfileConfigurationViewController.swift in Sources */,
				91E2FB042BC0276E00265E8E /* DemoProfileViewsViewController.swift in Sources */,
			);
			runOnlyForDeploymentPostprocessing = 0;
		};
		49C5D6062B5B33E20067C2A8 /* Sources */ = {
			isa = PBXSourcesBuildPhase;
			buildActionMask = 2147483647;
			files = (
				49C5D6102B5B33E20067C2A8 /* ContentView.swift in Sources */,
				9146A7AE2C3BD8F000E07C63 /* DemoAvatarView.swift in Sources */,
				91B73B372C404F6E00E7D325 /* DemoAvatarPickerView.swift in Sources */,
				49C5D60E2B5B33E20067C2A8 /* DemoApp.swift in Sources */,
			);
			runOnlyForDeploymentPostprocessing = 0;
		};
/* End PBXSourcesBuildPhase section */

/* Begin PBXVariantGroup section */
		495775EC2B5B34980082812A /* LaunchScreen.storyboard */ = {
			isa = PBXVariantGroup;
			children = (
				495775ED2B5B34980082812A /* Base */,
			);
			name = LaunchScreen.storyboard;
			sourceTree = "<group>";
		};
		498060CE2C6FF25600C6848C /* Localizable.strings */ = {
			isa = PBXVariantGroup;
			children = (
				498060CD2C6FF25600C6848C /* en */,
			);
			name = Localizable.strings;
			sourceTree = "<group>";
		};
		91F0B3E12B6281A60025C4F8 /* Main.storyboard */ = {
			isa = PBXVariantGroup;
			children = (
				91F0B3E22B6281A60025C4F8 /* Base */,
			);
			name = Main.storyboard;
			sourceTree = "<group>";
		};
/* End PBXVariantGroup section */

/* Begin XCBuildConfiguration section */
		495775F12B5B34980082812A /* Debug */ = {
			isa = XCBuildConfiguration;
			baseConfigurationReference = 49EFFB552C51AA280086589A /* Gravatar-UIKit-Demo.Base.xcconfig */;
			buildSettings = {
				ASSETCATALOG_COMPILER_APPICON_NAME = AppIcon;
				ASSETCATALOG_COMPILER_GLOBAL_ACCENT_COLOR_NAME = AccentColor;
				CODE_SIGN_STYLE = Manual;
				ENABLE_USER_SCRIPT_SANDBOXING = NO;
				GENERATE_INFOPLIST_FILE = YES;
				INFOPLIST_FILE = "Demo/Gravatar-UIKit-Demo/Info.plist";
				INFOPLIST_KEY_UIApplicationSupportsIndirectInputEvents = YES;
				INFOPLIST_KEY_UILaunchStoryboardName = LaunchScreen;
				INFOPLIST_KEY_UIMainStoryboardFile = Main;
				INFOPLIST_KEY_UISupportedInterfaceOrientations_iPad = "UIInterfaceOrientationPortrait UIInterfaceOrientationPortraitUpsideDown UIInterfaceOrientationLandscapeLeft UIInterfaceOrientationLandscapeRight";
				INFOPLIST_KEY_UISupportedInterfaceOrientations_iPhone = "UIInterfaceOrientationPortrait UIInterfaceOrientationLandscapeLeft UIInterfaceOrientationLandscapeRight";
				LD_RUNPATH_SEARCH_PATHS = (
					"$(inherited)",
					"@executable_path/Frameworks",
				);
				MARKETING_VERSION = 1.0;
				PRODUCT_NAME = "$(TARGET_NAME)";
				PROVISIONING_PROFILE_SPECIFIER = "Gravatar Demo App Development";
				SWIFT_EMIT_LOC_STRINGS = YES;
				SWIFT_VERSION = 5.0;
				TARGETED_DEVICE_FAMILY = "1,2";
			};
			name = Debug;
		};
		495775F22B5B34980082812A /* Release */ = {
			isa = XCBuildConfiguration;
			baseConfigurationReference = 3FD478212C51D5CE0071B8B9 /* Gravatar-UIKit-Demo.Release.xcconfig */;
			buildSettings = {
				ASSETCATALOG_COMPILER_APPICON_NAME = AppIcon;
				ASSETCATALOG_COMPILER_GLOBAL_ACCENT_COLOR_NAME = AccentColor;
				CODE_SIGN_STYLE = Manual;
				ENABLE_USER_SCRIPT_SANDBOXING = NO;
				GENERATE_INFOPLIST_FILE = YES;
				INFOPLIST_FILE = "Demo/Gravatar-UIKit-Demo/Info.plist";
				INFOPLIST_KEY_UIApplicationSupportsIndirectInputEvents = YES;
				INFOPLIST_KEY_UILaunchStoryboardName = LaunchScreen;
				INFOPLIST_KEY_UIMainStoryboardFile = Main;
				INFOPLIST_KEY_UISupportedInterfaceOrientations_iPad = "UIInterfaceOrientationPortrait UIInterfaceOrientationPortraitUpsideDown UIInterfaceOrientationLandscapeLeft UIInterfaceOrientationLandscapeRight";
				INFOPLIST_KEY_UISupportedInterfaceOrientations_iPhone = "UIInterfaceOrientationPortrait UIInterfaceOrientationLandscapeLeft UIInterfaceOrientationLandscapeRight";
				LD_RUNPATH_SEARCH_PATHS = (
					"$(inherited)",
					"@executable_path/Frameworks",
				);
				MARKETING_VERSION = 1.0;
				PRODUCT_NAME = "$(TARGET_NAME)";
				SWIFT_EMIT_LOC_STRINGS = YES;
				SWIFT_VERSION = 5.0;
				TARGETED_DEVICE_FAMILY = "1,2";
			};
			name = Release;
		};
		49C5D6162B5B33E20067C2A8 /* Debug */ = {
			isa = XCBuildConfiguration;
			baseConfigurationReference = 3FD4781E2C50D6FD0071B8B9 /* Base.xcconfig */;
			buildSettings = {
				ALWAYS_SEARCH_USER_PATHS = NO;
				ASSETCATALOG_COMPILER_GENERATE_SWIFT_ASSET_SYMBOL_EXTENSIONS = YES;
				CLANG_ANALYZER_NONNULL = YES;
				CLANG_ANALYZER_NUMBER_OBJECT_CONVERSION = YES_AGGRESSIVE;
				CLANG_CXX_LANGUAGE_STANDARD = "gnu++20";
				CLANG_ENABLE_MODULES = YES;
				CLANG_ENABLE_OBJC_ARC = YES;
				CLANG_ENABLE_OBJC_WEAK = YES;
				CLANG_WARN_BLOCK_CAPTURE_AUTORELEASING = YES;
				CLANG_WARN_BOOL_CONVERSION = YES;
				CLANG_WARN_COMMA = YES;
				CLANG_WARN_CONSTANT_CONVERSION = YES;
				CLANG_WARN_DEPRECATED_OBJC_IMPLEMENTATIONS = YES;
				CLANG_WARN_DIRECT_OBJC_ISA_USAGE = YES_ERROR;
				CLANG_WARN_DOCUMENTATION_COMMENTS = YES;
				CLANG_WARN_EMPTY_BODY = YES;
				CLANG_WARN_ENUM_CONVERSION = YES;
				CLANG_WARN_INFINITE_RECURSION = YES;
				CLANG_WARN_INT_CONVERSION = YES;
				CLANG_WARN_NON_LITERAL_NULL_CONVERSION = YES;
				CLANG_WARN_OBJC_IMPLICIT_RETAIN_SELF = YES;
				CLANG_WARN_OBJC_LITERAL_CONVERSION = YES;
				CLANG_WARN_OBJC_ROOT_CLASS = YES_ERROR;
				CLANG_WARN_QUOTED_INCLUDE_IN_FRAMEWORK_HEADER = YES;
				CLANG_WARN_RANGE_LOOP_ANALYSIS = YES;
				CLANG_WARN_STRICT_PROTOTYPES = YES;
				CLANG_WARN_SUSPICIOUS_MOVE = YES;
				CLANG_WARN_UNGUARDED_AVAILABILITY = YES_AGGRESSIVE;
				CLANG_WARN_UNREACHABLE_CODE = YES;
				CLANG_WARN__DUPLICATE_METHOD_MATCH = YES;
				COPY_PHASE_STRIP = NO;
				DEBUG_INFORMATION_FORMAT = dwarf;
				ENABLE_STRICT_OBJC_MSGSEND = YES;
				ENABLE_TESTABILITY = YES;
				ENABLE_USER_SCRIPT_SANDBOXING = YES;
				GCC_C_LANGUAGE_STANDARD = gnu17;
				GCC_DYNAMIC_NO_PIC = NO;
				GCC_NO_COMMON_BLOCKS = YES;
				GCC_OPTIMIZATION_LEVEL = 0;
				GCC_PREPROCESSOR_DEFINITIONS = (
					"DEBUG=1",
					"$(inherited)",
				);
				GCC_WARN_64_TO_32_BIT_CONVERSION = YES;
				GCC_WARN_ABOUT_RETURN_TYPE = YES_ERROR;
				GCC_WARN_UNDECLARED_SELECTOR = YES;
				GCC_WARN_UNINITIALIZED_AUTOS = YES_AGGRESSIVE;
				GCC_WARN_UNUSED_FUNCTION = YES;
				GCC_WARN_UNUSED_VARIABLE = YES;
				IPHONEOS_DEPLOYMENT_TARGET = 17.2;
				LOCALIZATION_PREFERS_STRING_CATALOGS = YES;
				MTL_ENABLE_DEBUG_INFO = INCLUDE_SOURCE;
				MTL_FAST_MATH = YES;
				ONLY_ACTIVE_ARCH = YES;
				SDKROOT = iphoneos;
				SWIFT_ACTIVE_COMPILATION_CONDITIONS = "DEBUG $(inherited)";
				SWIFT_OPTIMIZATION_LEVEL = "-Onone";
			};
			name = Debug;
		};
		49C5D6172B5B33E20067C2A8 /* Release */ = {
			isa = XCBuildConfiguration;
			baseConfigurationReference = 3FD4781E2C50D6FD0071B8B9 /* Base.xcconfig */;
			buildSettings = {
				ALWAYS_SEARCH_USER_PATHS = NO;
				ASSETCATALOG_COMPILER_GENERATE_SWIFT_ASSET_SYMBOL_EXTENSIONS = YES;
				CLANG_ANALYZER_NONNULL = YES;
				CLANG_ANALYZER_NUMBER_OBJECT_CONVERSION = YES_AGGRESSIVE;
				CLANG_CXX_LANGUAGE_STANDARD = "gnu++20";
				CLANG_ENABLE_MODULES = YES;
				CLANG_ENABLE_OBJC_ARC = YES;
				CLANG_ENABLE_OBJC_WEAK = YES;
				CLANG_WARN_BLOCK_CAPTURE_AUTORELEASING = YES;
				CLANG_WARN_BOOL_CONVERSION = YES;
				CLANG_WARN_COMMA = YES;
				CLANG_WARN_CONSTANT_CONVERSION = YES;
				CLANG_WARN_DEPRECATED_OBJC_IMPLEMENTATIONS = YES;
				CLANG_WARN_DIRECT_OBJC_ISA_USAGE = YES_ERROR;
				CLANG_WARN_DOCUMENTATION_COMMENTS = YES;
				CLANG_WARN_EMPTY_BODY = YES;
				CLANG_WARN_ENUM_CONVERSION = YES;
				CLANG_WARN_INFINITE_RECURSION = YES;
				CLANG_WARN_INT_CONVERSION = YES;
				CLANG_WARN_NON_LITERAL_NULL_CONVERSION = YES;
				CLANG_WARN_OBJC_IMPLICIT_RETAIN_SELF = YES;
				CLANG_WARN_OBJC_LITERAL_CONVERSION = YES;
				CLANG_WARN_OBJC_ROOT_CLASS = YES_ERROR;
				CLANG_WARN_QUOTED_INCLUDE_IN_FRAMEWORK_HEADER = YES;
				CLANG_WARN_RANGE_LOOP_ANALYSIS = YES;
				CLANG_WARN_STRICT_PROTOTYPES = YES;
				CLANG_WARN_SUSPICIOUS_MOVE = YES;
				CLANG_WARN_UNGUARDED_AVAILABILITY = YES_AGGRESSIVE;
				CLANG_WARN_UNREACHABLE_CODE = YES;
				CLANG_WARN__DUPLICATE_METHOD_MATCH = YES;
				COPY_PHASE_STRIP = NO;
				DEBUG_INFORMATION_FORMAT = "dwarf-with-dsym";
				ENABLE_NS_ASSERTIONS = NO;
				ENABLE_STRICT_OBJC_MSGSEND = YES;
				ENABLE_USER_SCRIPT_SANDBOXING = YES;
				GCC_C_LANGUAGE_STANDARD = gnu17;
				GCC_NO_COMMON_BLOCKS = YES;
				GCC_WARN_64_TO_32_BIT_CONVERSION = YES;
				GCC_WARN_ABOUT_RETURN_TYPE = YES_ERROR;
				GCC_WARN_UNDECLARED_SELECTOR = YES;
				GCC_WARN_UNINITIALIZED_AUTOS = YES_AGGRESSIVE;
				GCC_WARN_UNUSED_FUNCTION = YES;
				GCC_WARN_UNUSED_VARIABLE = YES;
				IPHONEOS_DEPLOYMENT_TARGET = 17.2;
				LOCALIZATION_PREFERS_STRING_CATALOGS = YES;
				MTL_ENABLE_DEBUG_INFO = NO;
				MTL_FAST_MATH = YES;
				SDKROOT = iphoneos;
				SWIFT_COMPILATION_MODE = wholemodule;
				VALIDATE_PRODUCT = YES;
			};
			name = Release;
		};
		49C5D6192B5B33E20067C2A8 /* Debug */ = {
			isa = XCBuildConfiguration;
			baseConfigurationReference = 49EFFB572C51AA3E0086589A /* Gravatar-SwiftUI-Demo.Base.xcconfig */;
			buildSettings = {
				ASSETCATALOG_COMPILER_APPICON_NAME = AppIcon;
				ASSETCATALOG_COMPILER_GLOBAL_ACCENT_COLOR_NAME = AccentColor;
				CODE_SIGN_STYLE = Manual;
				DEVELOPMENT_ASSET_PATHS = "\"Demo/Gravatar-SwiftUI-Demo/Preview Content\"";
				ENABLE_PREVIEWS = YES;
				GENERATE_INFOPLIST_FILE = YES;
				INFOPLIST_KEY_UIApplicationSceneManifest_Generation = YES;
				INFOPLIST_KEY_UIApplicationSupportsIndirectInputEvents = YES;
				INFOPLIST_KEY_UILaunchScreen_Generation = YES;
				INFOPLIST_KEY_UISupportedInterfaceOrientations_iPad = "UIInterfaceOrientationPortrait UIInterfaceOrientationPortraitUpsideDown UIInterfaceOrientationLandscapeLeft UIInterfaceOrientationLandscapeRight";
				INFOPLIST_KEY_UISupportedInterfaceOrientations_iPhone = "UIInterfaceOrientationPortrait UIInterfaceOrientationLandscapeLeft UIInterfaceOrientationLandscapeRight";
				LD_RUNPATH_SEARCH_PATHS = (
					"$(inherited)",
					"@executable_path/Frameworks",
				);
				MARKETING_VERSION = 1.0;
				PRODUCT_BUNDLE_IDENTIFIER = "com.automattic.gravatar-sdk-demo-swiftui";
				PRODUCT_NAME = "$(TARGET_NAME)";
				PROVISIONING_PROFILE_SPECIFIER = "Gravatar Demo App Development";
				SWIFT_EMIT_LOC_STRINGS = YES;
				SWIFT_VERSION = 5.0;
				TARGETED_DEVICE_FAMILY = "1,2";
			};
			name = Debug;
		};
		49C5D61A2B5B33E20067C2A8 /* Release */ = {
			isa = XCBuildConfiguration;
			baseConfigurationReference = 3FD478222C51D7E20071B8B9 /* Gravatar-SwiftUI-Demo.Release.xcconfig */;
			buildSettings = {
				ASSETCATALOG_COMPILER_APPICON_NAME = AppIcon;
				ASSETCATALOG_COMPILER_GLOBAL_ACCENT_COLOR_NAME = AccentColor;
				CODE_SIGN_STYLE = Manual;
				DEVELOPMENT_ASSET_PATHS = "\"Demo/Gravatar-SwiftUI-Demo/Preview Content\"";
				ENABLE_PREVIEWS = YES;
				GENERATE_INFOPLIST_FILE = YES;
				INFOPLIST_KEY_UIApplicationSceneManifest_Generation = YES;
				INFOPLIST_KEY_UIApplicationSupportsIndirectInputEvents = YES;
				INFOPLIST_KEY_UILaunchScreen_Generation = YES;
				INFOPLIST_KEY_UISupportedInterfaceOrientations_iPad = "UIInterfaceOrientationPortrait UIInterfaceOrientationPortraitUpsideDown UIInterfaceOrientationLandscapeLeft UIInterfaceOrientationLandscapeRight";
				INFOPLIST_KEY_UISupportedInterfaceOrientations_iPhone = "UIInterfaceOrientationPortrait UIInterfaceOrientationLandscapeLeft UIInterfaceOrientationLandscapeRight";
				LD_RUNPATH_SEARCH_PATHS = (
					"$(inherited)",
					"@executable_path/Frameworks",
				);
				MARKETING_VERSION = 1.0;
				PRODUCT_NAME = "$(TARGET_NAME)";
				SWIFT_EMIT_LOC_STRINGS = YES;
				SWIFT_VERSION = 5.0;
				TARGETED_DEVICE_FAMILY = "1,2";
			};
			name = Release;
		};
/* End XCBuildConfiguration section */

/* Begin XCConfigurationList section */
		495775F02B5B34980082812A /* Build configuration list for PBXNativeTarget "Gravatar UIKit" */ = {
			isa = XCConfigurationList;
			buildConfigurations = (
				495775F12B5B34980082812A /* Debug */,
				495775F22B5B34980082812A /* Release */,
			);
			defaultConfigurationIsVisible = 0;
			defaultConfigurationName = Release;
		};
		49C5D6052B5B33E20067C2A8 /* Build configuration list for PBXProject "Gravatar-Demo" */ = {
			isa = XCConfigurationList;
			buildConfigurations = (
				49C5D6162B5B33E20067C2A8 /* Debug */,
				49C5D6172B5B33E20067C2A8 /* Release */,
			);
			defaultConfigurationIsVisible = 0;
			defaultConfigurationName = Release;
		};
		49C5D6182B5B33E20067C2A8 /* Build configuration list for PBXNativeTarget "Gravatar SwiftUI" */ = {
			isa = XCConfigurationList;
			buildConfigurations = (
				49C5D6192B5B33E20067C2A8 /* Debug */,
				49C5D61A2B5B33E20067C2A8 /* Release */,
			);
			defaultConfigurationIsVisible = 0;
			defaultConfigurationName = Release;
		};
/* End XCConfigurationList section */

/* Begin XCSwiftPackageProductDependency section */
		4948C4EB2B61C41100AC4875 /* Gravatar */ = {
			isa = XCSwiftPackageProductDependency;
			productName = Gravatar;
		};
		4948C4ED2B61C41800AC4875 /* Gravatar */ = {
			isa = XCSwiftPackageProductDependency;
			productName = Gravatar;
		};
		497783302BAC8A99008C29F7 /* GravatarUI */ = {
			isa = XCSwiftPackageProductDependency;
			productName = GravatarUI;
		};
		497783322BAC8AA9008C29F7 /* GravatarUI */ = {
			isa = XCSwiftPackageProductDependency;
			productName = GravatarUI;
		};
/* End XCSwiftPackageProductDependency section */
	};
	rootObject = 49C5D6022B5B33E20067C2A8 /* Project object */;
}
